
Microsoft Visual Studio Solution File, Format Version 12.00
# Visual Studio Version 16
VisualStudioVersion = 16.0.31624.102
MinimumVisualStudioVersion = 10.0.40219.1
Project("{FAE04EC0-301F-11D3-BF4B-00C04F79EFBC}") = "L2Try", "L2Try.csproj", "{06ECF00B-B755-4C36-9498-325C60375E3C}"
EndProject
Project("{2150E333-8FDC-42A3-9474-1A3956D46DE8}") = "Solution Items", "Solution Items", "{603CE734-D715-4712-B850-4D76E0B00D02}"
EndProject
Global
	GlobalSection(SolutionConfigurationPlatforms) = preSolution
		Debug|Any CPU = Debug|Any CPU
		Release|Any CPU = Release|Any CPU
	EndGlobalSection
	GlobalSection(ProjectConfigurationPlatforms) = postSolution
		{06ECF00B-B755-4C36-9498-325C60375E3C}.Debug|Any CPU.ActiveCfg = Debug|Any CPU
		{06ECF00B-B755-4C36-9498-325C60375E3C}.Debug|Any CPU.Build.0 = Debug|Any CPU
		{06ECF00B-B755-4C36-9498-325C60375E3C}.Release|Any CPU.ActiveCfg = Release|Any CPU
		{06ECF00B-B755-4C36-9498-325C60375E3C}.Release|Any CPU.Build.0 = Release|Any CPU
	EndGlobalSection
	GlobalSection(SolutionProperties) = preSolution
		HideSolutionNode = FALSE
	EndGlobalSection
	GlobalSection(ExtensibilityGlobals) = postSolution
		SolutionGuid = {8D9F9361-D47D-41BE-BB56-A31BD670EC6E}
	EndGlobalSection
EndGlobal
